PODS:
  - FBSnapshotTestCase (2.0.7):
    - FBSnapshotTestCase/SwiftSupport (= 2.0.7)
  - FBSnapshotTestCase/Core (2.0.7)
  - FBSnapshotTestCase/SwiftSupport (2.0.7):
    - FBSnapshotTestCase/Core
  - FMDB/SQLCipher (2.6):
    - SQLCipher
  - PandaFMDB (0.1.0):
    - FMDB/SQLCipher
  - SQLCipher (3.1.0):
    - SQLCipher/standard (= 3.1.0)
  - SQLCipher/common (3.1.0)
  - SQLCipher/standard (3.1.0):
    - SQLCipher/common

DEPENDENCIES:
  - FBSnapshotTestCase
  - PandaFMDB (from `../`)

EXTERNAL SOURCES:
  PandaFMDB:
    :path: ../

SPEC CHECKSUMS:
  FBSnapshotTestCase: 7e85180d0d141a0cf472352edda7e80d7eaeb547
  FMDB: c1968bab3ab0aed38f66cb778ae1e7fa9a652b6e
  PandaFMDB: 60d2da87aa07c5743208a6f2387d0a0514cb4b52
  SQLCipher: 4684434d5791db86512cd7e02172aefba575849e

COCOAPODS: 0.39.0
